
Microsoft Visual Studio Solution File, Format Version 12.00
# Visual Studio Version 16
VisualStudioVersion = 16.0.29905.134
MinimumVisualStudioVersion = 10.0.40219.1
Project("{F184B08F-C81C-45F6-A57F-5ABD9991F28F}") = "tugas3", "tugas3\tugas3.vbproj", "{50666FCA-E0D6-407F-B449-A22948A4878A}"
EndProject
Global
	GlobalSection(SolutionConfigurationPlatforms) = preSolution
		Debug|Any CPU = Debug|Any CPU
		Release|Any CPU = Release|Any CPU
	EndGlobalSection
	GlobalSection(ProjectConfigurationPlatforms) = postSolution
		{50666FCA-E0D6-407F-B449-A22948A4878A}.Debug|Any CPU.ActiveCfg = Debug|Any CPU
		{50666FCA-E0D6-407F-B449-A22948A4878A}.Debug|Any CPU.Build.0 = Debug|Any CPU
		{50666FCA-E0D6-407F-B449-A22948A4878A}.Release|Any CPU.ActiveCfg = Release|Any CPU
		{50666FCA-E0D6-407F-B449-A22948A4878A}.Release|Any CPU.Build.0 = Release|Any CPU
	EndGlobalSection
	GlobalSection(SolutionProperties) = preSolution
		HideSolutionNode = FALSE
	EndGlobalSection
	GlobalSection(ExtensibilityGlobals) = postSolution
		SolutionGuid = {8E19C936-963F-469C-A3C4-961F651A29B8}
	EndGlobalSection
EndGlobal
